
Microsoft Visual Studio Solution File, Format Version 12.00
# Visual Studio Version 16
VisualStudioVersion = 16.0.29709.97
MinimumVisualStudioVersion = 10.0.40219.1
Project("{FAE04EC0-301F-11D3-BF4B-00C04F79EFBC}") = "OrExercises.MichelleRidge", "OrExercises.MichelleRidge\OrExercises.MichelleRidge.csproj", "{DCE59BB8-2295-4392-809C-FFA83E7F1810}"
EndProject
Global
	GlobalSection(SolutionConfigurationPlatforms) = preSolution
		Debug|Any CPU = Debug|Any CPU
		Release|Any CPU = Release|Any CPU
	EndGlobalSection
	GlobalSection(ProjectConfigurationPlatforms) = postSolution
		{DCE59BB8-2295-4392-809C-FFA83E7F1810}.Debug|Any CPU.ActiveCfg = Debug|Any CPU
		{DCE59BB8-2295-4392-809C-FFA83E7F1810}.Debug|Any CPU.Build.0 = Debug|Any CPU
		{DCE59BB8-2295-4392-809C-FFA83E7F1810}.Release|Any CPU.ActiveCfg = Release|Any CPU
		{DCE59BB8-2295-4392-809C-FFA83E7F1810}.Release|Any CPU.Build.0 = Release|Any CPU
	EndGlobalSection
	GlobalSection(SolutionProperties) = preSolution
		HideSolutionNode = FALSE
	EndGlobalSection
	GlobalSection(ExtensibilityGlobals) = postSolution
		SolutionGuid = {63CD7BA6-53B6-4255-AEE5-4D7C762265E6}
	EndGlobalSection
EndGlobal
